Microsoft Visual Studio Solution File, Format Version 12.00
# Visual Studio Version 17
VisualStudioVersion = 17.5.33530.505
MinimumVisualStudioVersion = 10.0.40219.1
Project("{9A19103F-16F7-4668-BE54-9A1E7A4F7556}") = "Senkel.VideoGame.Metadata", "Metadata\Senkel.VideoGame.Metadata.csproj", "{DE1ACA4E-C5CD-4618-BE9D-425FBC4DB871}"
EndProject
Project("{9A19103F-16F7-4668-BE54-9A1E7A4F7556}") = "Senkel.VideoGame.Settings", "Settings\Core\Senkel.VideoGame.Settings.csproj", "{6DBDB4E8-8EA0-46AA-8F7D-B563F1FC2E70}"
EndProject
Project("{9A19103F-16F7-4668-BE54-9A1E7A4F7556}") = "Senkel.VideoGame.Settings.Serialization", "Settings\Serialization\Senkel.VideoGame.Settings.Serialization.csproj", "{258579AF-8BB8-44B2-9639-D32FE418D9EB}"
EndProject
Global
	GlobalSection(SolutionConfigurationPlatforms) = preSolution
		Debug|Any CPU = Debug|Any CPU
		Release|Any CPU = Release|Any CPU
	EndGlobalSection
	GlobalSection(ProjectConfigurationPlatforms) = postSolution
		{DE1ACA4E-C5CD-4618-BE9D-425FBC4DB871}.Debug|Any CPU.ActiveCfg = Debug|Any CPU
		{DE1ACA4E-C5CD-4618-BE9D-425FBC4DB871}.Debug|Any CPU.Build.0 = Debug|Any CPU
		{DE1ACA4E-C5CD-4618-BE9D-425FBC4DB871}.Release|Any CPU.ActiveCfg = Release|Any CPU
		{DE1ACA4E-C5CD-4618-BE9D-425FBC4DB871}.Release|Any CPU.Build.0 = Release|Any CPU
		{6DBDB4E8-8EA0-46AA-8F7D-B563F1FC2E70}.Debug|Any CPU.ActiveCfg = Debug|Any CPU
		{6DBDB4E8-8EA0-46AA-8F7D-B563F1FC2E70}.Debug|Any CPU.Build.0 = Debug|Any CPU
		{6DBDB4E8-8EA0-46AA-8F7D-B563F1FC2E70}.Release|Any CPU.ActiveCfg = Release|Any CPU
		{6DBDB4E8-8EA0-46AA-8F7D-B563F1FC2E70}.Release|Any CPU.Build.0 = Release|Any CPU
		{258579AF-8BB8-44B2-9639-D32FE418D9EB}.Debug|Any CPU.ActiveCfg = Debug|Any CPU
		{258579AF-8BB8-44B2-9639-D32FE418D9EB}.Debug|Any CPU.Build.0 = Debug|Any CPU
		{258579AF-8BB8-44B2-9639-D32FE418D9EB}.Release|Any CPU.ActiveCfg = Release|Any CPU
		{258579AF-8BB8-44B2-9639-D32FE418D9EB}.Release|Any CPU.Build.0 = Release|Any CPU
	EndGlobalSection
	GlobalSection(SolutionProperties) = preSolution
		HideSolutionNode = FALSE
	EndGlobalSection
	GlobalSection(ExtensibilityGlobals) = postSolution
		SolutionGuid = {B5724F92-DDA8-42D8-985E-2AA1F216B319}
	EndGlobalSection
EndGlobal
